
Microsoft Visual Studio Solution File, Format Version 11.00
# Visual Studio 2010 Express for Windows Phone
Project("{FAE04EC0-301F-11D3-BF4B-00C04F79EFBC}") = "BinaryClock", "BinaryClock\BinaryClock.csproj", "{C60890CA-C8F2-43DC-A4BC-231941A7CEF5}"
EndProject
Global
	GlobalSection(SolutionConfigurationPlatforms) = preSolution
		Debug|Any CPU = Debug|Any CPU
		Release|Any CPU = Release|Any CPU
		Description = g0scin@live.com
	EndGlobalSection
	GlobalSection(ProjectConfigurationPlatforms) = postSolution
		{C60890CA-C8F2-43DC-A4BC-231941A7CEF5}.Debug|Any CPU.ActiveCfg = Debug|Any CPU
		{C60890CA-C8F2-43DC-A4BC-231941A7CEF5}.Debug|Any CPU.Build.0 = Debug|Any CPU
		{C60890CA-C8F2-43DC-A4BC-231941A7CEF5}.Debug|Any CPU.Deploy.0 = Debug|Any CPU
		{C60890CA-C8F2-43DC-A4BC-231941A7CEF5}.Release|Any CPU.ActiveCfg = Release|Any CPU
		{C60890CA-C8F2-43DC-A4BC-231941A7CEF5}.Release|Any CPU.Build.0 = Release|Any CPU
		{C60890CA-C8F2-43DC-A4BC-231941A7CEF5}.Release|Any CPU.Deploy.0 = Release|Any CPU
	EndGlobalSection
	GlobalSection(SolutionProperties) = preSolution
		HideSolutionNode = FALSE
	EndGlobalSection
EndGlobal
